<?xml version="1.0" encoding="utf-8"?>
<Project ToolsVersion="4.0" xmlns="http://schemas.microsoft.com/developer/msbuild/2003">
  <ItemGroup>
    <Filter Include="Pliki źródłowe">
      <UniqueIdentifier>{4FC737F1-C7A5-4376-A066-2A32D752A2FF}</UniqueIdentifier>
      <Extensions>cpp;c;cc;cxx;def;odl;idl;hpj;bat;asm;asmx</Extensions>
    </Filter>
    <Filter Include="Pliki nagłówkowe">
      <UniqueIdentifier>{93995380-89BD-4b04-88EB-625FBE52EBFB}</UniqueIdentifier>
      <Extensions>h;hh;hpp;hxx;hm;inl;inc;ipp;xsd</Extensions>
    </Filter>
    <Filter Include="Pliki zasobów">
      <UniqueIdentifier>{67DA6AB6-F800-4c08-8B7A-83BB121AAD01}</UniqueIdentifier>
      <Extensions>rc;ico;cur;bmp;dlg;rc2;rct;bin;rgs;gif;jpg;jpeg;jpe;resx;tiff;tif;png;wav;mfcribbon-ms</Extensions>
    </Filter>
    <Filter Include="Pliki źródłowe\PlayerClasses">
      <UniqueIdentifier>{05c9b9d6-2f99-49eb-9252-09a65c5b31cd}</UniqueIdentifier>
    </Filter>
    <Filter Include="Pliki nagłówkowe\PlayerClasses">
      <UniqueIdentifier>{cf723127-9da6-4f5f-a7b2-bb40159f4158}</UniqueIdentifier>
    </Filter>
    <Filter Include="Pliki źródłowe\Main">
      <UniqueIdentifier>{e8c7660f-d6d3-456f-aa38-88f383b85304}</UniqueIdentifier>
    </Filter>
  </ItemGroup>
  <ItemGroup>
    <ClCompile Include="GameLoop.cpp">
      <Filter>Pliki źródłowe</Filter>
    </ClCompile>
    <ClCompile Include="TextureLoader.cpp">
      <Filter>Pliki źródłowe</Filter>
    </ClCompile>
    <ClCompile Include="GameObject.cpp">
      <Filter>Pliki źródłowe</Filter>
    </ClCompile>
    <ClCompile Include="Background.cpp">
      <Filter>Pliki źródłowe</Filter>
    </ClCompile>
    <ClCompile Include="Player.cpp">
      <Filter>Pliki źródłowe</Filter>
    </ClCompile>
    <ClCompile Include="Menu.cpp">
      <Filter>Pliki źródłowe</Filter>
    </ClCompile>
    <ClCompile Include="Text.cpp">
      <Filter>Pliki źródłowe</Filter>
    </ClCompile>
    <ClCompile Include="Selector.cpp">
      <Filter>Pliki źródłowe</Filter>
    </ClCompile>
    <ClCompile Include="TileMap.cpp">
      <Filter>Pliki źródłowe</Filter>
    </ClCompile>
    <ClCompile Include="Enemy.cpp">
      <Filter>Pliki źródłowe</Filter>
    </ClCompile>
    <ClCompile Include="Warrior.cpp">
      <Filter>Pliki źródłowe\PlayerClasses</Filter>
    </ClCompile>
    <ClCompile Include="Mage.cpp">
      <Filter>Pliki źródłowe\PlayerClasses</Filter>
    </ClCompile>
    <ClCompile Include="Archer.cpp">
      <Filter>Pliki źródłowe\PlayerClasses</Filter>
    </ClCompile>
    <ClCompile Include="Thief.cpp">
      <Filter>Pliki źródłowe\PlayerClasses</Filter>
    </ClCompile>
    <ClCompile Include="main.cpp">
      <Filter>Pliki źródłowe\Main</Filter>
    </ClCompile>
    <ClCompile Include="CombatManager.cpp">
      <Filter>Pliki źródłowe</Filter>
    </ClCompile>
  </ItemGroup>
  <ItemGroup>
    <ClInclude Include="GameLoop.h">
      <Filter>Pliki nagłówkowe</Filter>
    </ClInclude>
    <ClInclude Include="TextureLoader.h">
      <Filter>Pliki nagłówkowe</Filter>
    </ClInclude>
    <ClInclude Include="GameObject.h">
      <Filter>Pliki nagłówkowe</Filter>
    </ClInclude>
    <ClInclude Include="Background.h">
      <Filter>Pliki nagłówkowe</Filter>
    </ClInclude>
    <ClInclude Include="Player.h">
      <Filter>Pliki nagłówkowe</Filter>
    </ClInclude>
    <ClInclude Include="Menu.h">
      <Filter>Pliki nagłówkowe</Filter>
    </ClInclude>
    <ClInclude Include="Text.h">
      <Filter>Pliki nagłówkowe</Filter>
    </ClInclude>
    <ClInclude Include="Selector.h">
      <Filter>Pliki nagłówkowe</Filter>
    </ClInclude>
    <ClInclude Include="TileMap.h">
      <Filter>Pliki nagłówkowe</Filter>
    </ClInclude>
    <ClInclude Include="Enemy.h">
      <Filter>Pliki nagłówkowe</Filter>
    </ClInclude>
    <ClInclude Include="Warrior.h">
      <Filter>Pliki nagłówkowe\PlayerClasses</Filter>
    </ClInclude>
    <ClInclude Include="Mage.h">
      <Filter>Pliki nagłówkowe\PlayerClasses</Filter>
    </ClInclude>
    <ClInclude Include="Archer.h">
      <Filter>Pliki nagłówkowe\PlayerClasses</Filter>
    </ClInclude>
    <ClInclude Include="Thief.h">
      <Filter>Pliki nagłówkowe\PlayerClasses</Filter>
    </ClInclude>
    <ClInclude Include="CombatManager.h">
      <Filter>Pliki nagłówkowe</Filter>
    </ClInclude>
  </ItemGroup>
</Project>